
Microsoft Visual Studio Solution File, Format Version 12.00
# Visual Studio 14
VisualStudioVersion = 14.0.25420.1
MinimumVisualStudioVersion = 10.0.40219.1
Project("{FAE04EC0-301F-11D3-BF4B-00C04F79EFBC}") = "MyThunes", "MyThunes\MyThunes.csproj", "{D802F6F0-E2AC-4538-AF8E-3840275CF428}"
EndProject
Project("{FAE04EC0-301F-11D3-BF4B-00C04F79EFBC}") = "Models", "Models\Models.csproj", "{68E28E41-6985-4115-B786-88C468983081}"
EndProject
Global
	GlobalSection(SolutionConfigurationPlatforms) = preSolution
		Debug|Any CPU = Debug|Any CPU
		Release|Any CPU = Release|Any CPU
	EndGlobalSection
	GlobalSection(ProjectConfigurationPlatforms) = postSolution
		{D802F6F0-E2AC-4538-AF8E-3840275CF428}.Debug|Any CPU.ActiveCfg = Debug|Any CPU
		{D802F6F0-E2AC-4538-AF8E-3840275CF428}.Debug|Any CPU.Build.0 = Debug|Any CPU
		{D802F6F0-E2AC-4538-AF8E-3840275CF428}.Release|Any CPU.ActiveCfg = Release|Any CPU
		{D802F6F0-E2AC-4538-AF8E-3840275CF428}.Release|Any CPU.Build.0 = Release|Any CPU
		{68E28E41-6985-4115-B786-88C468983081}.Debug|Any CPU.ActiveCfg = Debug|Any CPU
		{68E28E41-6985-4115-B786-88C468983081}.Debug|Any CPU.Build.0 = Debug|Any CPU
		{68E28E41-6985-4115-B786-88C468983081}.Release|Any CPU.ActiveCfg = Release|Any CPU
		{68E28E41-6985-4115-B786-88C468983081}.Release|Any CPU.Build.0 = Release|Any CPU
	EndGlobalSection
	GlobalSection(SolutionProperties) = preSolution
		HideSolutionNode = FALSE
	EndGlobalSection
EndGlobal
